hash: 686ddf20d92bbc80eeb24415cd1b127edf4d710267e969a8fd1b14ead1e939dc
updated: 2016-12-02T13:37:32.723715521+08:00
imports:
- name: github.com/beorn7/perks
  version: 4c0e84591b9aa9e6dcfdf3e020114cd81f89d5f9
  subpackages:
  - quantile
- name: github.com/golang/protobuf
  version: 8ee79997227bf9b34611aee7946ae64735e6fd93
  subpackages:
  - proto
- name: github.com/matttproud/golang_protobuf_extensions
  version: c12348ce28de40eed0136aa2b644d0ee0650e56c
  subpackages:
  - pbutil
- name: github.com/prometheus/client_golang
  version: c5b7fccd204277076155f10851dad72b76a49317
  subpackages:
  - prometheus
- name: github.com/prometheus/client_model
  version: fa8ad6fec33561be4280a8f0514318c79d7f6cb6
  subpackages:
  - go
- name: github.com/prometheus/common
  version: 195bde7883f7c39ea62b0d92ab7359b5327065cb
  subpackages:
  - log
  - version
  - expfmt
  - model
  - internal/bitbucket.org/ww/goautoneg
- name: github.com/prometheus/procfs
  version: abf152e5f3e97f2fafac028d2cc06c1feb87ffa5
- name: github.com/Sirupsen/logrus
  version: 881bee4e20a5d11a6a88a5667c6f292072ac1963
- name: golang.org/x/sys
  version: d5645953809d8b4752afb2c3224b1f1ad73dfa70
  subpackages:
  - windows/svc/eventlog
  - unix
  - windows
  - windows/registry
testImports: []
